{
  "name": "spatial-design-system",
  "version": "1.8.2",
  "lockfileVersion": 3,
  "requires": true,
  "packages": {
    "": {
      "name": "spatial-design-system",
      "version": "1.8.2",
      "dependencies": {
        "@tweenjs/tween.js": "^23.1.1",
        "aframe": "~1.5.0",
        "aframe-extras": "^7.5.4",
        "aframe-troika-text": "^0.14.0"
      },
      "devDependencies": {
        "vite": "^6.0.11"
      }
    },
    "node_modules/@esbuild/aix-ppc64": {
      "version": "0.25.5",
      "resolved": "https://registry.npmjs.org/@esbuild/aix-ppc64/-/aix-ppc64-0.25.5.tgz",
      "integrity": "sha512-9o3TMmpmftaCMepOdA5k/yDw8SfInyzWWTjYTFCX3kPSDJMROQTb8jg+h9Cnwnmm1vOzvxN7gIfB5V2ewpjtGA==",
      "cpu": [
        "ppc64"
      ],
      "dev": true,
      "license": "MIT",
      "optional": true,
      "os": [
        "aix"
      ],
      "engines": {
        "node": ">=18"
      }
    },
    "node_modules/@esbuild/android-arm": {
      "version": "0.25.5",
      "resolved": "https://registry.npmjs.org/@esbuild/android-arm/-/android-arm-0.25.5.tgz",
      "integrity": "sha512-AdJKSPeEHgi7/ZhuIPtcQKr5RQdo6OO2IL87JkianiMYMPbCtot9fxPbrMiBADOWWm3T2si9stAiVsGbTQFkbA==",
      "cpu": [
        "arm"
      ],
      "dev": true,
      "license": "MIT",
      "optional": true,
      "os": [
        "android"
      ],
      "engines": {
        "node": ">=18"
      }
    },
    "node_modules/@esbuild/android-arm64": {
      "version": "0.25.5",
      "resolved": "https://registry.npmjs.org/@esbuild/android-arm64/-/android-arm64-0.25.5.tgz",
      "integrity": "sha512-VGzGhj4lJO+TVGV1v8ntCZWJktV7SGCs3Pn1GRWI1SBFtRALoomm8k5E9Pmwg3HOAal2VDc2F9+PM/rEY6oIDg==",
      "cpu": [
        "arm64"
      ],
      "dev": true,
      "license": "MIT",
      "optional": true,
      "os": [
        "android"
      ],
      "engines": {
        "node": ">=18"
      }
    },
    "node_modules/@esbuild/android-x64": {
      "version": "0.25.5",
      "resolved": "https://registry.npmjs.org/@esbuild/android-x64/-/android-x64-0.25.5.tgz",
      "integrity": "sha512-D2GyJT1kjvO//drbRT3Hib9XPwQeWd9vZoBJn+bu/lVsOZ13cqNdDeqIF/xQ5/VmWvMduP6AmXvylO/PIc2isw==",
      "cpu": [
        "x64"
      ],
      "dev": true,
      "license": "MIT",
      "optional": true,
      "os": [
        "android"
      ],
      "engines": {
        "node": ">=18"
      }
    },
    "node_modules/@esbuild/darwin-arm64": {
      "version": "0.25.5",
      "cpu": [
        "arm64"
      ],
      "dev": true,
      "license": "MIT",
      "optional": true,
      "os": [
        "darwin"
      ],
      "engines": {
        "node": ">=18"
      }
    },
    "node_modules/@esbuild/darwin-x64": {
      "version": "0.25.5",
      "resolved": "https://registry.npmjs.org/@esbuild/darwin-x64/-/darwin-x64-0.25.5.tgz",
      "integrity": "sha512-1iT4FVL0dJ76/q1wd7XDsXrSW+oLoquptvh4CLR4kITDtqi2e/xwXwdCVH8hVHU43wgJdsq7Gxuzcs6Iq/7bxQ==",
      "cpu": [
        "x64"
      ],
      "dev": true,
      "license": "MIT",
      "optional": true,
      "os": [
        "darwin"
      ],
      "engines": {
        "node": ">=18"
      }
    },
    "node_modules/@esbuild/freebsd-arm64": {
      "version": "0.25.5",
      "resolved": "https://registry.npmjs.org/@esbuild/freebsd-arm64/-/freebsd-arm64-0.25.5.tgz",
      "integrity": "sha512-nk4tGP3JThz4La38Uy/gzyXtpkPW8zSAmoUhK9xKKXdBCzKODMc2adkB2+8om9BDYugz+uGV7sLmpTYzvmz6Sw==",
      "cpu": [
        "arm64"
      ],
      "dev": true,
      "license": "MIT",
      "optional": true,
      "os": [
        "freebsd"
      ],
      "engines": {
        "node": ">=18"
      }
    },
    "node_modules/@esbuild/freebsd-x64": {
      "version": "0.25.5",
      "resolved": "https://registry.npmjs.org/@esbuild/freebsd-x64/-/freebsd-x64-0.25.5.tgz",
      "integrity": "sha512-PrikaNjiXdR2laW6OIjlbeuCPrPaAl0IwPIaRv+SMV8CiM8i2LqVUHFC1+8eORgWyY7yhQY+2U2fA55mBzReaw==",
      "cpu": [
        "x64"
      ],
      "dev": true,
      "license": "MIT",
      "optional": true,
      "os": [
        "freebsd"
      ],
      "engines": {
        "node": ">=18"
      }
    },
    "node_modules/@esbuild/linux-arm": {
      "version": "0.25.5",
      "resolved": "https://registry.npmjs.org/@esbuild/linux-arm/-/linux-arm-0.25.5.tgz",
      "integrity": "sha512-cPzojwW2okgh7ZlRpcBEtsX7WBuqbLrNXqLU89GxWbNt6uIg78ET82qifUy3W6OVww6ZWobWub5oqZOVtwolfw==",
      "cpu": [
        "arm"
      ],
      "dev": true,
      "license": "MIT",
      "optional": true,
      "os": [
        "linux"
      ],
      "engines": {
        "node": ">=18"
      }
    },
    "node_modules/@esbuild/linux-arm64": {
      "version": "0.25.5",
      "resolved": "https://registry.npmjs.org/@esbuild/linux-arm64/-/linux-arm64-0.25.5.tgz",
      "integrity": "sha512-Z9kfb1v6ZlGbWj8EJk9T6czVEjjq2ntSYLY2cw6pAZl4oKtfgQuS4HOq41M/BcoLPzrUbNd+R4BXFyH//nHxVg==",
      "cpu": [
        "arm64"
      ],
      "dev": true,
      "license": "MIT",
      "optional": true,
      "os": [
        "linux"
      ],
      "engines": {
        "node": ">=18"
      }
    },
    "node_modules/@esbuild/linux-ia32": {
      "version": "0.25.5",
      "resolved": "https://registry.npmjs.org/@esbuild/linux-ia32/-/linux-ia32-0.25.5.tgz",
      "integrity": "sha512-sQ7l00M8bSv36GLV95BVAdhJ2QsIbCuCjh/uYrWiMQSUuV+LpXwIqhgJDcvMTj+VsQmqAHL2yYaasENvJ7CDKA==",
      "cpu": [
        "ia32"
      ],
      "dev": true,
      "license": "MIT",
      "optional": true,
      "os": [
        "linux"
      ],
      "engines": {
        "node": ">=18"
      }
    },
    "node_modules/@esbuild/linux-loong64": {
      "version": "0.25.5",
      "resolved": "https://registry.npmjs.org/@esbuild/linux-loong64/-/linux-loong64-0.25.5.tgz",
      "integrity": "sha512-0ur7ae16hDUC4OL5iEnDb0tZHDxYmuQyhKhsPBV8f99f6Z9KQM02g33f93rNH5A30agMS46u2HP6qTdEt6Q1kg==",
      "cpu": [
        "loong64"
      ],
      "dev": true,
      "license": "MIT",
      "optional": true,
      "os": [
        "linux"
      ],
      "engines": {
        "node": ">=18"
      }
    },
    "node_modules/@esbuild/linux-mips64el": {
      "version": "0.25.5",
      "resolved": "https://registry.npmjs.org/@esbuild/linux-mips64el/-/linux-mips64el-0.25.5.tgz",
      "integrity": "sha512-kB/66P1OsHO5zLz0i6X0RxlQ+3cu0mkxS3TKFvkb5lin6uwZ/ttOkP3Z8lfR9mJOBk14ZwZ9182SIIWFGNmqmg==",
      "cpu": [
        "mips64el"
      ],
      "dev": true,
      "license": "MIT",
      "optional": true,
      "os": [
        "linux"
      ],
      "engines": {
        "node": ">=18"
      }
    },
    "node_modules/@esbuild/linux-ppc64": {
      "version": "0.25.5",
      "resolved": "https://registry.npmjs.org/@esbuild/linux-ppc64/-/linux-ppc64-0.25.5.tgz",
      "integrity": "sha512-UZCmJ7r9X2fe2D6jBmkLBMQetXPXIsZjQJCjgwpVDz+YMcS6oFR27alkgGv3Oqkv07bxdvw7fyB71/olceJhkQ==",
      "cpu": [
        "ppc64"
      ],
      "dev": true,
      "license": "MIT",
      "optional": true,
      "os": [
        "linux"
      ],
      "engines": {
        "node": ">=18"
      }
    },
    "node_modules/@esbuild/linux-riscv64": {
      "version": "0.25.5",
      "resolved": "https://registry.npmjs.org/@esbuild/linux-riscv64/-/linux-riscv64-0.25.5.tgz",
      "integrity": "sha512-kTxwu4mLyeOlsVIFPfQo+fQJAV9mh24xL+y+Bm6ej067sYANjyEw1dNHmvoqxJUCMnkBdKpvOn0Ahql6+4VyeA==",
      "cpu": [
        "riscv64"
      ],
      "dev": true,
      "license": "MIT",
      "optional": true,
      "os": [
        "linux"
      ],
      "engines": {
        "node": ">=18"
      }
    },
    "node_modules/@esbuild/linux-s390x": {
      "version": "0.25.5",
      "resolved": "https://registry.npmjs.org/@esbuild/linux-s390x/-/linux-s390x-0.25.5.tgz",
      "integrity": "sha512-K2dSKTKfmdh78uJ3NcWFiqyRrimfdinS5ErLSn3vluHNeHVnBAFWC8a4X5N+7FgVE1EjXS1QDZbpqZBjfrqMTQ==",
      "cpu": [
        "s390x"
      ],
      "dev": true,
      "license": "MIT",
      "optional": true,
      "os": [
        "linux"
      ],
      "engines": {
        "node": ">=18"
      }
    },
    "node_modules/@esbuild/linux-x64": {
      "version": "0.25.5",
      "resolved": "https://registry.npmjs.org/@esbuild/linux-x64/-/linux-x64-0.25.5.tgz",
      "integrity": "sha512-uhj8N2obKTE6pSZ+aMUbqq+1nXxNjZIIjCjGLfsWvVpy7gKCOL6rsY1MhRh9zLtUtAI7vpgLMK6DxjO8Qm9lJw==",
      "cpu": [
        "x64"
      ],
      "dev": true,
      "license": "MIT",
      "optional": true,
      "os": [
        "linux"
      ],
      "engines": {
        "node": ">=18"
      }
    },
    "node_modules/@esbuild/netbsd-arm64": {
      "version": "0.25.5",
      "resolved": "https://registry.npmjs.org/@esbuild/netbsd-arm64/-/netbsd-arm64-0.25.5.tgz",
      "integrity": "sha512-pwHtMP9viAy1oHPvgxtOv+OkduK5ugofNTVDilIzBLpoWAM16r7b/mxBvfpuQDpRQFMfuVr5aLcn4yveGvBZvw==",
      "cpu": [
        "arm64"
      ],
      "dev": true,
      "license": "MIT",
      "optional": true,
      "os": [
        "netbsd"
      ],
      "engines": {
        "node": ">=18"
      }
    },
    "node_modules/@esbuild/netbsd-x64": {
      "version": "0.25.5",
      "resolved": "https://registry.npmjs.org/@esbuild/netbsd-x64/-/netbsd-x64-0.25.5.tgz",
      "integrity": "sha512-WOb5fKrvVTRMfWFNCroYWWklbnXH0Q5rZppjq0vQIdlsQKuw6mdSihwSo4RV/YdQ5UCKKvBy7/0ZZYLBZKIbwQ==",
      "cpu": [
        "x64"
      ],
      "dev": true,
      "license": "MIT",
      "optional": true,
      "os": [
        "netbsd"
      ],
      "engines": {
        "node": ">=18"
      }
    },
    "node_modules/@esbuild/openbsd-arm64": {
      "version": "0.25.5",
      "resolved": "https://registry.npmjs.org/@esbuild/openbsd-arm64/-/openbsd-arm64-0.25.5.tgz",
      "integrity": "sha512-7A208+uQKgTxHd0G0uqZO8UjK2R0DDb4fDmERtARjSHWxqMTye4Erz4zZafx7Di9Cv+lNHYuncAkiGFySoD+Mw==",
      "cpu": [
        "arm64"
      ],
      "dev": true,
      "license": "MIT",
      "optional": true,
      "os": [
        "openbsd"
      ],
      "engines": {
        "node": ">=18"
      }
    },
    "node_modules/@esbuild/openbsd-x64": {
      "version": "0.25.5",
      "resolved": "https://registry.npmjs.org/@esbuild/openbsd-x64/-/openbsd-x64-0.25.5.tgz",
      "integrity": "sha512-G4hE405ErTWraiZ8UiSoesH8DaCsMm0Cay4fsFWOOUcz8b8rC6uCvnagr+gnioEjWn0wC+o1/TAHt+It+MpIMg==",
      "cpu": [
        "x64"
      ],
      "dev": true,
      "license": "MIT",
      "optional": true,
      "os": [
        "openbsd"
      ],
      "engines": {
        "node": ">=18"
      }
    },
    "node_modules/@esbuild/sunos-x64": {
      "version": "0.25.5",
      "resolved": "https://registry.npmjs.org/@esbuild/sunos-x64/-/sunos-x64-0.25.5.tgz",
      "integrity": "sha512-l+azKShMy7FxzY0Rj4RCt5VD/q8mG/e+mDivgspo+yL8zW7qEwctQ6YqKX34DTEleFAvCIUviCFX1SDZRSyMQA==",
      "cpu": [
        "x64"
      ],
      "dev": true,
      "license": "MIT",
      "optional": true,
      "os": [
        "sunos"
      ],
      "engines": {
        "node": ">=18"
      }
    },
    "node_modules/@esbuild/win32-arm64": {
      "version": "0.25.5",
      "resolved": "https://registry.npmjs.org/@esbuild/win32-arm64/-/win32-arm64-0.25.5.tgz",
      "integrity": "sha512-O2S7SNZzdcFG7eFKgvwUEZ2VG9D/sn/eIiz8XRZ1Q/DO5a3s76Xv0mdBzVM5j5R639lXQmPmSo0iRpHqUUrsxw==",
      "cpu": [
        "arm64"
      ],
      "dev": true,
      "license": "MIT",
      "optional": true,
      "os": [
        "win32"
      ],
      "engines": {
        "node": ">=18"
      }
    },
    "node_modules/@esbuild/win32-ia32": {
      "version": "0.25.5",
      "resolved": "https://registry.npmjs.org/@esbuild/win32-ia32/-/win32-ia32-0.25.5.tgz",
      "integrity": "sha512-onOJ02pqs9h1iMJ1PQphR+VZv8qBMQ77Klcsqv9CNW2w6yLqoURLcgERAIurY6QE63bbLuqgP9ATqajFLK5AMQ==",
      "cpu": [
        "ia32"
      ],
      "dev": true,
      "license": "MIT",
      "optional": true,
      "os": [
        "win32"
      ],
      "engines": {
        "node": ">=18"
      }
    },
    "node_modules/@esbuild/win32-x64": {
      "version": "0.25.5",
      "resolved": "https://registry.npmjs.org/@esbuild/win32-x64/-/win32-x64-0.25.5.tgz",
      "integrity": "sha512-TXv6YnJ8ZMVdX+SXWVBo/0p8LTcrUYngpWjvm91TMjjBQii7Oz11Lw5lbDV5Y0TzuhSJHwiH4hEtC1I42mMS0g==",
      "cpu": [
        "x64"
      ],
      "dev": true,
      "license": "MIT",
      "optional": true,
      "os": [
        "win32"
      ],
      "engines": {
        "node": ">=18"
      }
    },
    "node_modules/@rollup/rollup-android-arm-eabi": {
      "version": "4.44.2",
      "resolved": "https://registry.npmjs.org/@rollup/rollup-android-arm-eabi/-/rollup-android-arm-eabi-4.44.2.tgz",
      "integrity": "sha512-g0dF8P1e2QYPOj1gu7s/3LVP6kze9A7m6x0BZ9iTdXK8N5c2V7cpBKHV3/9A4Zd8xxavdhK0t4PnqjkqVmUc9Q==",
      "cpu": [
        "arm"
      ],
      "dev": true,
      "license": "MIT",
      "optional": true,
      "os": [
        "android"
      ]
    },
    "node_modules/@rollup/rollup-android-arm64": {
      "version": "4.44.2",
      "resolved": "https://registry.npmjs.org/@rollup/rollup-android-arm64/-/rollup-android-arm64-4.44.2.tgz",
      "integrity": "sha512-Yt5MKrOosSbSaAK5Y4J+vSiID57sOvpBNBR6K7xAaQvk3MkcNVV0f9fE20T+41WYN8hDn6SGFlFrKudtx4EoxA==",
      "cpu": [
        "arm64"
      ],
      "dev": true,
      "license": "MIT",
      "optional": true,
      "os": [
        "android"
      ]
    },
    "node_modules/@rollup/rollup-darwin-arm64": {
      "version": "4.44.2",
      "cpu": [
        "arm64"
      ],
      "dev": true,
      "license": "MIT",
      "optional": true,
      "os": [
        "darwin"
      ]
    },
    "node_modules/@rollup/rollup-darwin-x64": {
      "version": "4.44.2",
      "resolved": "https://registry.npmjs.org/@rollup/rollup-darwin-x64/-/rollup-darwin-x64-4.44.2.tgz",
      "integrity": "sha512-dv/t1t1RkCvJdWWxQ2lWOO+b7cMsVw5YFaS04oHpZRWehI1h0fV1gF4wgGCTyQHHjJDfbNpwOi6PXEafRBBezw==",
      "cpu": [
        "x64"
      ],
      "dev": true,
      "license": "MIT",
      "optional": true,
      "os": [
        "darwin"
      ]
    },
    "node_modules/@rollup/rollup-freebsd-arm64": {
      "version": "4.44.2",
      "resolved": "https://registry.npmjs.org/@rollup/rollup-freebsd-arm64/-/rollup-freebsd-arm64-4.44.2.tgz",
      "integrity": "sha512-W4tt4BLorKND4qeHElxDoim0+BsprFTwb+vriVQnFFtT/P6v/xO5I99xvYnVzKWrK6j7Hb0yp3x7V5LUbaeOMg==",
      "cpu": [
        "arm64"
      ],
      "dev": true,
      "license": "MIT",
      "optional": true,
      "os": [
        "freebsd"
      ]
    },
    "node_modules/@rollup/rollup-freebsd-x64": {
      "version": "4.44.2",
      "resolved": "https://registry.npmjs.org/@rollup/rollup-freebsd-x64/-/rollup-freebsd-x64-4.44.2.tgz",
      "integrity": "sha512-tdT1PHopokkuBVyHjvYehnIe20fxibxFCEhQP/96MDSOcyjM/shlTkZZLOufV3qO6/FQOSiJTBebhVc12JyPTA==",
      "cpu": [
        "x64"
      ],
      "dev": true,
      "license": "MIT",
      "optional": true,
      "os": [
        "freebsd"
      ]
    },
    "node_modules/@rollup/rollup-linux-arm-gnueabihf": {
      "version": "4.44.2",
      "resolved": "https://registry.npmjs.org/@rollup/rollup-linux-arm-gnueabihf/-/rollup-linux-arm-gnueabihf-4.44.2.tgz",
      "integrity": "sha512-+xmiDGGaSfIIOXMzkhJ++Oa0Gwvl9oXUeIiwarsdRXSe27HUIvjbSIpPxvnNsRebsNdUo7uAiQVgBD1hVriwSQ==",
      "cpu": [
        "arm"
      ],
      "dev": true,
      "license": "MIT",
      "optional": true,
      "os": [
        "linux"
      ]
    },
    "node_modules/@rollup/rollup-linux-arm-musleabihf": {
      "version": "4.44.2",
      "resolved": "https://registry.npmjs.org/@rollup/rollup-linux-arm-musleabihf/-/rollup-linux-arm-musleabihf-4.44.2.tgz",
      "integrity": "sha512-bDHvhzOfORk3wt8yxIra8N4k/N0MnKInCW5OGZaeDYa/hMrdPaJzo7CSkjKZqX4JFUWjUGm88lI6QJLCM7lDrA==",
      "cpu": [
        "arm"
      ],
      "dev": true,
      "license": "MIT",
      "optional": true,
      "os": [
        "linux"
      ]
    },
    "node_modules/@rollup/rollup-linux-arm64-gnu": {
      "version": "4.44.2",
      "resolved": "https://registry.npmjs.org/@rollup/rollup-linux-arm64-gnu/-/rollup-linux-arm64-gnu-4.44.2.tgz",
      "integrity": "sha512-NMsDEsDiYghTbeZWEGnNi4F0hSbGnsuOG+VnNvxkKg0IGDvFh7UVpM/14mnMwxRxUf9AdAVJgHPvKXf6FpMB7A==",
      "cpu": [
        "arm64"
      ],
      "dev": true,
      "license": "MIT",
      "optional": true,
      "os": [
        "linux"
      ]
    },
    "node_modules/@rollup/rollup-linux-arm64-musl": {
      "version": "4.44.2",
      "resolved": "https://registry.npmjs.org/@rollup/rollup-linux-arm64-musl/-/rollup-linux-arm64-musl-4.44.2.tgz",
      "integrity": "sha512-lb5bxXnxXglVq+7imxykIp5xMq+idehfl+wOgiiix0191av84OqbjUED+PRC5OA8eFJYj5xAGcpAZ0pF2MnW+A==",
      "cpu": [
        "arm64"
      ],
      "dev": true,
      "license": "MIT",
      "optional": true,
      "os": [
        "linux"
      ]
    },
    "node_modules/@rollup/rollup-linux-loongarch64-gnu": {
      "version": "4.44.2",
      "resolved": "https://registry.npmjs.org/@rollup/rollup-linux-loongarch64-gnu/-/rollup-linux-loongarch64-gnu-4.44.2.tgz",
      "integrity": "sha512-Yl5Rdpf9pIc4GW1PmkUGHdMtbx0fBLE1//SxDmuf3X0dUC57+zMepow2LK0V21661cjXdTn8hO2tXDdAWAqE5g==",
      "cpu": [
        "loong64"
      ],
      "dev": true,
      "license": "MIT",
      "optional": true,
      "os": [
        "linux"
      ]
    },
    "node_modules/@rollup/rollup-linux-powerpc64le-gnu": {
      "version": "4.44.2",
      "resolved": "https://registry.npmjs.org/@rollup/rollup-linux-powerpc64le-gnu/-/rollup-linux-powerpc64le-gnu-4.44.2.tgz",
      "integrity": "sha512-03vUDH+w55s680YYryyr78jsO1RWU9ocRMaeV2vMniJJW/6HhoTBwyyiiTPVHNWLnhsnwcQ0oH3S9JSBEKuyqw==",
      "cpu": [
        "ppc64"
      ],
      "dev": true,
      "license": "MIT",
      "optional": true,
      "os": [
        "linux"
      ]
    },
    "node_modules/@rollup/rollup-linux-riscv64-gnu": {
      "version": "4.44.2",
      "resolved": "https://registry.npmjs.org/@rollup/rollup-linux-riscv64-gnu/-/rollup-linux-riscv64-gnu-4.44.2.tgz",
      "integrity": "sha512-iYtAqBg5eEMG4dEfVlkqo05xMOk6y/JXIToRca2bAWuqjrJYJlx/I7+Z+4hSrsWU8GdJDFPL4ktV3dy4yBSrzg==",
      "cpu": [
        "riscv64"
      ],
      "dev": true,
      "license": "MIT",
      "optional": true,
      "os": [
        "linux"
      ]
    },
    "node_modules/@rollup/rollup-linux-riscv64-musl": {
      "version": "4.44.2",
      "resolved": "https://registry.npmjs.org/@rollup/rollup-linux-riscv64-musl/-/rollup-linux-riscv64-musl-4.44.2.tgz",
      "integrity": "sha512-e6vEbgaaqz2yEHqtkPXa28fFuBGmUJ0N2dOJK8YUfijejInt9gfCSA7YDdJ4nYlv67JfP3+PSWFX4IVw/xRIPg==",
      "cpu": [
        "riscv64"
      ],
      "dev": true,
      "license": "MIT",
      "optional": true,
      "os": [
        "linux"
      ]
    },
    "node_modules/@rollup/rollup-linux-s390x-gnu": {
      "version": "4.44.2",
      "resolved": "https://registry.npmjs.org/@rollup/rollup-linux-s390x-gnu/-/rollup-linux-s390x-gnu-4.44.2.tgz",
      "integrity": "sha512-evFOtkmVdY3udE+0QKrV5wBx7bKI0iHz5yEVx5WqDJkxp9YQefy4Mpx3RajIVcM6o7jxTvVd/qpC1IXUhGc1Mw==",
      "cpu": [
        "s390x"
      ],
      "dev": true,
      "license": "MIT",
      "optional": true,
      "os": [
        "linux"
      ]
    },
    "node_modules/@rollup/rollup-linux-x64-gnu": {
      "version": "4.44.2",
      "resolved": "https://registry.npmjs.org/@rollup/rollup-linux-x64-gnu/-/rollup-linux-x64-gnu-4.44.2.tgz",
      "integrity": "sha512-/bXb0bEsWMyEkIsUL2Yt5nFB5naLAwyOWMEviQfQY1x3l5WsLKgvZf66TM7UTfED6erckUVUJQ/jJ1FSpm3pRQ==",
      "cpu": [
        "x64"
      ],
      "dev": true,
      "license": "MIT",
      "optional": true,
      "os": [
        "linux"
      ]
    },
    "node_modules/@rollup/rollup-linux-x64-musl": {
      "version": "4.44.2",
      "resolved": "https://registry.npmjs.org/@rollup/rollup-linux-x64-musl/-/rollup-linux-x64-musl-4.44.2.tgz",
      "integrity": "sha512-3D3OB1vSSBXmkGEZR27uiMRNiwN08/RVAcBKwhUYPaiZ8bcvdeEwWPvbnXvvXHY+A/7xluzcN+kaiOFNiOZwWg==",
      "cpu": [
        "x64"
      ],
      "dev": true,
      "license": "MIT",
      "optional": true,
      "os": [
        "linux"
      ]
    },
    "node_modules/@rollup/rollup-win32-arm64-msvc": {
      "version": "4.44.2",
      "resolved": "https://registry.npmjs.org/@rollup/rollup-win32-arm64-msvc/-/rollup-win32-arm64-msvc-4.44.2.tgz",
      "integrity": "sha512-VfU0fsMK+rwdK8mwODqYeM2hDrF2WiHaSmCBrS7gColkQft95/8tphyzv2EupVxn3iE0FI78wzffoULH1G+dkw==",
      "cpu": [
        "arm64"
      ],
      "dev": true,
      "license": "MIT",
      "optional": true,
      "os": [
        "win32"
      ]
    },
    "node_modules/@rollup/rollup-win32-ia32-msvc": {
      "version": "4.44.2",
      "resolved": "https://registry.npmjs.org/@rollup/rollup-win32-ia32-msvc/-/rollup-win32-ia32-msvc-4.44.2.tgz",
      "integrity": "sha512-+qMUrkbUurpE6DVRjiJCNGZBGo9xM4Y0FXU5cjgudWqIBWbcLkjE3XprJUsOFgC6xjBClwVa9k6O3A7K3vxb5Q==",
      "cpu": [
        "ia32"
      ],
      "dev": true,
      "license": "MIT",
      "optional": true,
      "os": [
        "win32"
      ]
    },
    "node_modules/@rollup/rollup-win32-x64-msvc": {
      "version": "4.44.2",
      "resolved": "https://registry.npmjs.org/@rollup/rollup-win32-x64-msvc/-/rollup-win32-x64-msvc-4.44.2.tgz",
      "integrity": "sha512-3+QZROYfJ25PDcxFF66UEk8jGWigHJeecZILvkPkyQN7oc5BvFo4YEXFkOs154j3FTMp9mn9Ky8RCOwastduEA==",
      "cpu": [
        "x64"
      ],
      "dev": true,
      "license": "MIT",
      "optional": true,
      "os": [
        "win32"
      ]
    },
    "node_modules/@tweenjs/tween.js": {
      "version": "23.1.3",
      "license": "MIT"
    },
    "node_modules/@types/estree": {
      "version": "1.0.8",
      "dev": true,
      "license": "MIT"
    },
    "node_modules/@ungap/custom-elements": {
      "version": "1.3.0",
      "license": "ISC"
    },
    "node_modules/aframe": {
      "version": "1.5.0",
      "license": "MIT",
      "dependencies": {
        "@ungap/custom-elements": "^1.1.0",
        "buffer": "^6.0.3",
        "custom-event-polyfill": "^1.0.6",
        "debug": "ngokevin/debug#noTimestamp",
        "deep-assign": "^2.0.0",
        "load-bmfont": "^1.2.3",
        "object-assign": "^4.0.1",
        "present": "0.0.6",
        "promise-polyfill": "^3.1.0",
        "super-animejs": "^3.1.0",
        "super-three": "0.158.0",
        "three-bmfont-text": "dmarcos/three-bmfont-text#eed4878795be9b3e38cf6aec6b903f56acd1f695",
        "webvr-polyfill": "^0.10.12"
      },
      "engines": {
        "node": ">= 4.6.0",
        "npm": ">= 2.15.9"
      }
    },
    "node_modules/aframe-extras": {
      "version": "7.6.0",
      "license": "MIT",
      "dependencies": {
        "nipplejs": "^0.10.2",
        "three": "^0.164.0",
        "three-pathfinding": "^1.3.0"
      }
    },
    "node_modules/aframe-troika-text": {
      "version": "0.14.0",
      "resolved": "https://registry.npmjs.org/aframe-troika-text/-/aframe-troika-text-0.14.0.tgz",
      "integrity": "sha512-jmX1NxCDGN8AKcNBz0ojuC2i3A9Xe+x/FJNMWjGJAjqijfytD74Rkk5a5xUh6pHHMlJbO3erQYzOTCB610RRvQ==",
      "license": "MIT",
      "dependencies": {
        "troika-three-text": "^0.52.2"
      },
      "peerDependencies": {
        "aframe": "1.1.x - 1.7.x"
      }
    },
    "node_modules/aframe/@spatialhub/three-bmfont-text": {},
    "node_modules/base64-js": {
      "version": "1.5.1",
      "funding": [
        {
          "type": "github",
          "url": "https://github.com/sponsors/feross"
        },
        {
          "type": "patreon",
          "url": "https://www.patreon.com/feross"
        },
        {
          "type": "consulting",
          "url": "https://feross.org/support"
        }
      ],
      "license": "MIT"
    },
    "node_modules/bidi-js": {
      "version": "1.0.3",
      "resolved": "https://registry.npmjs.org/bidi-js/-/bidi-js-1.0.3.tgz",
      "integrity": "sha512-RKshQI1R3YQ+n9YJz2QQ147P66ELpa1FQEg20Dk8oW9t2KgLbpDLLp9aGZ7y8WHSshDknG0bknqGw5/tyCs5tw==",
      "license": "MIT",
      "dependencies": {
        "require-from-string": "^2.0.2"
      }
    },
    "node_modules/buffer": {
      "version": "6.0.3",
      "funding": [
        {
          "type": "github",
          "url": "https://github.com/sponsors/feross"
        },
        {
          "type": "patreon",
          "url": "https://www.patreon.com/feross"
        },
        {
          "type": "consulting",
          "url": "https://feross.org/support"
        }
      ],
      "license": "MIT",
      "dependencies": {
        "base64-js": "^1.3.1",
        "ieee754": "^1.2.1"
      }
    },
    "node_modules/buffer-equal": {
      "version": "0.0.1",
      "license": "MIT",
      "engines": {
        "node": ">=0.4.0"
      }
    },
    "node_modules/cardboard-vr-display": {
      "version": "1.0.19",
      "license": "Apache-2.0",
      "dependencies": {
        "gl-preserve-state": "^1.0.0",
        "nosleep.js": "^0.7.0",
        "webvr-polyfill-dpdb": "^1.0.17"
      }
    },
    "node_modules/centra": {
      "version": "2.7.0",
      "license": "MIT",
      "dependencies": {
        "follow-redirects": "^1.15.6"
      }
    },
    "node_modules/custom-event-polyfill": {
      "version": "1.0.7",
      "license": "MIT"
    },
    "node_modules/debug": {
      "version": "2.2.0",
      "resolved": "git+ssh://git@github.com/ngokevin/debug.git#ef5f8e66d49ce8bc64c6f282c15f8b7164409e3a",
      "license": "MIT"
    },
    "node_modules/deep-assign": {
      "version": "2.0.0",
      "license": "MIT",
      "dependencies": {
        "is-obj": "^1.0.0"
      },
      "engines": {
        "node": ">=0.10.0"
      }
    },
    "node_modules/dom-walk": {
      "version": "0.1.2"
    },
    "node_modules/esbuild": {
      "version": "0.25.5",
      "dev": true,
      "hasInstallScript": true,
      "license": "MIT",
      "bin": {
        "esbuild": "bin/esbuild"
      },
      "engines": {
        "node": ">=18"
      },
      "optionalDependencies": {
        "@esbuild/aix-ppc64": "0.25.5",
        "@esbuild/android-arm": "0.25.5",
        "@esbuild/android-arm64": "0.25.5",
        "@esbuild/android-x64": "0.25.5",
        "@esbuild/darwin-arm64": "0.25.5",
        "@esbuild/darwin-x64": "0.25.5",
        "@esbuild/freebsd-arm64": "0.25.5",
        "@esbuild/freebsd-x64": "0.25.5",
        "@esbuild/linux-arm": "0.25.5",
        "@esbuild/linux-arm64": "0.25.5",
        "@esbuild/linux-ia32": "0.25.5",
        "@esbuild/linux-loong64": "0.25.5",
        "@esbuild/linux-mips64el": "0.25.5",
        "@esbuild/linux-ppc64": "0.25.5",
        "@esbuild/linux-riscv64": "0.25.5",
        "@esbuild/linux-s390x": "0.25.5",
        "@esbuild/linux-x64": "0.25.5",
        "@esbuild/netbsd-arm64": "0.25.5",
        "@esbuild/netbsd-x64": "0.25.5",
        "@esbuild/openbsd-arm64": "0.25.5",
        "@esbuild/openbsd-x64": "0.25.5",
        "@esbuild/sunos-x64": "0.25.5",
        "@esbuild/win32-arm64": "0.25.5",
        "@esbuild/win32-ia32": "0.25.5",
        "@esbuild/win32-x64": "0.25.5"
      }
    },
    "node_modules/fdir": {
      "version": "6.4.6",
      "dev": true,
      "license": "MIT",
      "peerDependencies": {
        "picomatch": "^3 || ^4"
      },
      "peerDependenciesMeta": {
        "picomatch": {
          "optional": true
        }
      }
    },
    "node_modules/follow-redirects": {
      "version": "1.15.9",
      "funding": [
        {
          "type": "individual",
          "url": "https://github.com/sponsors/RubenVerborgh"
        }
      ],
      "license": "MIT",
      "engines": {
        "node": ">=4.0"
      },
      "peerDependenciesMeta": {
        "debug": {
          "optional": true
        }
      }
    },
    "node_modules/fsevents": {
      "version": "2.3.3",
      "dev": true,
      "license": "MIT",
      "optional": true,
      "os": [
        "darwin"
      ],
      "engines": {
        "node": "^8.16.0 || ^10.6.0 || >=11.0.0"
      }
    },
    "node_modules/gl-preserve-state": {
      "version": "1.0.0",
      "license": "MIT"
    },
    "node_modules/global": {
      "version": "4.4.0",
      "license": "MIT",
      "dependencies": {
        "min-document": "^2.19.0",
        "process": "^0.11.10"
      }
    },
    "node_modules/ieee754": {
      "version": "1.2.1",
      "funding": [
        {
          "type": "github",
          "url": "https://github.com/sponsors/feross"
        },
        {
          "type": "patreon",
          "url": "https://www.patreon.com/feross"
        },
        {
          "type": "consulting",
          "url": "https://feross.org/support"
        }
      ],
      "license": "BSD-3-Clause"
    },
    "node_modules/is-function": {
      "version": "1.0.2",
      "license": "MIT"
    },
    "node_modules/is-obj": {
      "version": "1.0.1",
      "license": "MIT",
      "engines": {
        "node": ">=0.10.0"
      }
    },
    "node_modules/load-bmfont": {
      "version": "1.4.2",
      "license": "MIT",
      "dependencies": {
        "buffer-equal": "0.0.1",
        "mime": "^1.3.4",
        "parse-bmfont-ascii": "^1.0.3",
        "parse-bmfont-binary": "^1.0.5",
        "parse-bmfont-xml": "^1.1.4",
        "phin": "^3.7.1",
        "xhr": "^2.0.1",
        "xtend": "^4.0.0"
      }
    },
    "node_modules/mime": {
      "version": "1.6.0",
      "license": "MIT",
      "bin": {
        "mime": "cli.js"
      },
      "engines": {
        "node": ">=4"
      }
    },
    "node_modules/min-document": {
      "version": "2.19.2",
      "license": "MIT",
      "dependencies": {
        "dom-walk": "^0.1.0"
      }
    },
    "node_modules/nanoid": {
      "version": "3.3.11",
      "dev": true,
      "funding": [
        {
          "type": "github",
          "url": "https://github.com/sponsors/ai"
        }
      ],
      "license": "MIT",
      "bin": {
        "nanoid": "bin/nanoid.cjs"
      },
      "engines": {
        "node": "^10 || ^12 || ^13.7 || ^14 || >=15.0.1"
      }
    },
    "node_modules/nipplejs": {
      "version": "0.10.2",
      "license": "MIT"
    },
    "node_modules/nosleep.js": {
      "version": "0.7.0",
      "license": "MIT"
    },
    "node_modules/object-assign": {
      "version": "4.1.1",
      "license": "MIT",
      "engines": {
        "node": ">=0.10.0"
      }
    },
    "node_modules/parse-bmfont-ascii": {
      "version": "1.0.6",
      "license": "MIT"
    },
    "node_modules/parse-bmfont-binary": {
      "version": "1.0.6",
      "license": "MIT"
    },
    "node_modules/parse-bmfont-xml": {
      "version": "1.1.6",
      "license": "MIT",
      "dependencies": {
        "xml-parse-from-string": "^1.0.0",
        "xml2js": "^0.5.0"
      }
    },
    "node_modules/parse-headers": {
      "version": "2.0.6",
      "license": "MIT"
    },
    "node_modules/phin": {
      "version": "3.7.1",
      "license": "MIT",
      "dependencies": {
        "centra": "^2.7.0"
      },
      "engines": {
        "node": ">= 8"
      }
    },
    "node_modules/picocolors": {
      "version": "1.1.1",
      "dev": true,
      "license": "ISC"
    },
    "node_modules/picomatch": {
      "version": "4.0.2",
      "dev": true,
      "license": "MIT",
      "engines": {
        "node": ">=12"
      },
      "funding": {
        "url": "https://github.com/sponsors/jonschlinkert"
      }
    },
    "node_modules/postcss": {
      "version": "8.5.6",
      "dev": true,
      "funding": [
        {
          "type": "opencollective",
          "url": "https://opencollective.com/postcss/"
        },
        {
          "type": "tidelift",
          "url": "https://tidelift.com/funding/github/npm/postcss"
        },
        {
          "type": "github",
          "url": "https://github.com/sponsors/ai"
        }
      ],
      "license": "MIT",
      "dependencies": {
        "nanoid": "^3.3.11",
        "picocolors": "^1.1.1",
        "source-map-js": "^1.2.1"
      },
      "engines": {
        "node": "^10 || ^12 || >=14"
      }
    },
    "node_modules/present": {
      "version": "0.0.6",
      "license": "MIT"
    },
    "node_modules/process": {
      "version": "0.11.10",
      "license": "MIT",
      "engines": {
        "node": ">= 0.6.0"
      }
    },
    "node_modules/promise-polyfill": {
      "version": "3.1.0",
      "license": "MIT"
    },
    "node_modules/require-from-string": {
      "version": "2.0.2",
      "resolved": "https://registry.npmjs.org/require-from-string/-/require-from-string-2.0.2.tgz",
      "integrity": "sha512-Xf0nWe6RseziFMu+Ap9biiUbmplq6S9/p+7w7YXP/JBHhrUDDUhwa+vANyubuqfZWTveU//DYVGsDG7RKL/vEw==",
      "license": "MIT",
      "engines": {
        "node": ">=0.10.0"
      }
    },
    "node_modules/rollup": {
      "version": "4.44.2",
      "dev": true,
      "license": "MIT",
      "dependencies": {
        "@types/estree": "1.0.8"
      },
      "bin": {
        "rollup": "dist/bin/rollup"
      },
      "engines": {
        "node": ">=18.0.0",
        "npm": ">=8.0.0"
      },
      "optionalDependencies": {
        "@rollup/rollup-android-arm-eabi": "4.44.2",
        "@rollup/rollup-android-arm64": "4.44.2",
        "@rollup/rollup-darwin-arm64": "4.44.2",
        "@rollup/rollup-darwin-x64": "4.44.2",
        "@rollup/rollup-freebsd-arm64": "4.44.2",
        "@rollup/rollup-freebsd-x64": "4.44.2",
        "@rollup/rollup-linux-arm-gnueabihf": "4.44.2",
        "@rollup/rollup-linux-arm-musleabihf": "4.44.2",
        "@rollup/rollup-linux-arm64-gnu": "4.44.2",
        "@rollup/rollup-linux-arm64-musl": "4.44.2",
        "@rollup/rollup-linux-loongarch64-gnu": "4.44.2",
        "@rollup/rollup-linux-powerpc64le-gnu": "4.44.2",
        "@rollup/rollup-linux-riscv64-gnu": "4.44.2",
        "@rollup/rollup-linux-riscv64-musl": "4.44.2",
        "@rollup/rollup-linux-s390x-gnu": "4.44.2",
        "@rollup/rollup-linux-x64-gnu": "4.44.2",
        "@rollup/rollup-linux-x64-musl": "4.44.2",
        "@rollup/rollup-win32-arm64-msvc": "4.44.2",
        "@rollup/rollup-win32-ia32-msvc": "4.44.2",
        "@rollup/rollup-win32-x64-msvc": "4.44.2",
        "fsevents": "~2.3.2"
      }
    },
    "node_modules/sax": {
      "version": "1.4.1",
      "license": "ISC"
    },
    "node_modules/source-map-js": {
      "version": "1.2.1",
      "dev": true,
      "license": "BSD-3-Clause",
      "engines": {
        "node": ">=0.10.0"
      }
    },
    "node_modules/super-animejs": {
      "version": "3.1.0",
      "license": "MIT"
    },
    "node_modules/super-three": {
      "version": "0.158.0",
      "license": "MIT"
    },
    "node_modules/three": {
      "version": "0.164.1",
      "license": "MIT"
    },
    "node_modules/three-bmfont-text": {
      "resolved": "node_modules/aframe/@spatialhub/three-bmfont-text",
      "link": true
    },
    "node_modules/three-pathfinding": {
      "version": "1.3.0",
      "license": "MIT",
      "peerDependencies": {
        "three": "0.x.x"
      }
    },
    "node_modules/tinyglobby": {
      "version": "0.2.14",
      "dev": true,
      "license": "MIT",
      "dependencies": {
        "fdir": "^6.4.4",
        "picomatch": "^4.0.2"
      },
      "engines": {
        "node": ">=12.0.0"
      },
      "funding": {
        "url": "https://github.com/sponsors/SuperchupuDev"
      }
    },
    "node_modules/troika-three-text": {
      "version": "0.52.4",
      "resolved": "https://registry.npmjs.org/troika-three-text/-/troika-three-text-0.52.4.tgz",
      "integrity": "sha512-V50EwcYGruV5rUZ9F4aNsrytGdKcXKALjEtQXIOBfhVoZU9VAqZNIoGQ3TMiooVqFAbR1w15T+f+8gkzoFzawg==",
      "license": "MIT",
      "dependencies": {
        "bidi-js": "^1.0.2",
        "troika-three-utils": "^0.52.4",
        "troika-worker-utils": "^0.52.0",
        "webgl-sdf-generator": "1.1.1"
      },
      "peerDependencies": {
        "three": ">=0.125.0"
      }
    },
    "node_modules/troika-three-utils": {
      "version": "0.52.4",
      "resolved": "https://registry.npmjs.org/troika-three-utils/-/troika-three-utils-0.52.4.tgz",
      "integrity": "sha512-NORAStSVa/BDiG52Mfudk4j1FG4jC4ILutB3foPnfGbOeIs9+G5vZLa0pnmnaftZUGm4UwSoqEpWdqvC7zms3A==",
      "license": "MIT",
      "peerDependencies": {
        "three": ">=0.125.0"
      }
    },
    "node_modules/troika-worker-utils": {
      "version": "0.52.0",
      "resolved": "https://registry.npmjs.org/troika-worker-utils/-/troika-worker-utils-0.52.0.tgz",
      "integrity": "sha512-W1CpvTHykaPH5brv5VHLfQo9D1OYuo0cSBEUQFFT/nBUzM8iD6Lq2/tgG/f1OelbAS1WtaTPQzE5uM49egnngw==",
      "license": "MIT"
    },
    "node_modules/vite": {
      "version": "6.4.1",
      "dev": true,
      "license": "MIT",
      "dependencies": {
        "esbuild": "^0.25.0",
        "fdir": "^6.4.4",
        "picomatch": "^4.0.2",
        "postcss": "^8.5.3",
        "rollup": "^4.34.9",
        "tinyglobby": "^0.2.13"
      },
      "bin": {
        "vite": "bin/vite.js"
      },
      "engines": {
        "node": "^18.0.0 || ^20.0.0 || >=22.0.0"
      },
      "funding": {
        "url": "https://github.com/vitejs/vite?sponsor=1"
      },
      "optionalDependencies": {
        "fsevents": "~2.3.3"
      },
      "peerDependencies": {
        "@types/node": "^18.0.0 || ^20.0.0 || >=22.0.0",
        "jiti": ">=1.21.0",
        "less": "*",
        "lightningcss": "^1.21.0",
        "sass": "*",
        "sass-embedded": "*",
        "stylus": "*",
        "sugarss": "*",
        "terser": "^5.16.0",
        "tsx": "^4.8.1",
        "yaml": "^2.4.2"
      },
      "peerDependenciesMeta": {
        "@types/node": {
          "optional": true
        },
        "jiti": {
          "optional": true
        },
        "less": {
          "optional": true
        },
        "lightningcss": {
          "optional": true
        },
        "sass": {
          "optional": true
        },
        "sass-embedded": {
          "optional": true
        },
        "stylus": {
          "optional": true
        },
        "sugarss": {
          "optional": true
        },
        "terser": {
          "optional": true
        },
        "tsx": {
          "optional": true
        },
        "yaml": {
          "optional": true
        }
      }
    },
    "node_modules/webgl-sdf-generator": {
      "version": "1.1.1",
      "resolved": "https://registry.npmjs.org/webgl-sdf-generator/-/webgl-sdf-generator-1.1.1.tgz",
      "integrity": "sha512-9Z0JcMTFxeE+b2x1LJTdnaT8rT8aEp7MVxkNwoycNmJWwPdzoXzMh0BjJSh/AEFP+KPYZUli814h8bJZFIZ2jA==",
      "license": "MIT"
    },
    "node_modules/webvr-polyfill": {
      "version": "0.10.12",
      "license": "Apache-2.0",
      "dependencies": {
        "cardboard-vr-display": "^1.0.19"
      }
    },
    "node_modules/webvr-polyfill-dpdb": {
      "version": "1.0.18",
      "license": "Apache-2.0"
    },
    "node_modules/xhr": {
      "version": "2.6.0",
      "license": "MIT",
      "dependencies": {
        "global": "~4.4.0",
        "is-function": "^1.0.1",
        "parse-headers": "^2.0.0",
        "xtend": "^4.0.0"
      }
    },
    "node_modules/xml-parse-from-string": {
      "version": "1.0.1",
      "license": "MIT"
    },
    "node_modules/xml2js": {
      "version": "0.5.0",
      "license": "MIT",
      "dependencies": {
        "sax": ">=0.6.0",
        "xmlbuilder": "~11.0.0"
      },
      "engines": {
        "node": ">=4.0.0"
      }
    },
    "node_modules/xmlbuilder": {
      "version": "11.0.1",
      "license": "MIT",
      "engines": {
        "node": ">=4.0"
      }
    },
    "node_modules/xtend": {
      "version": "4.0.2",
      "license": "MIT",
      "engines": {
        "node": ">=0.4"
      }
    }
  }
}
