{
  "name": "spatial-design-system",
  "version": "1.11.1",
  "lockfileVersion": 3,
  "requires": true,
  "packages": {
    "": {
      "name": "spatial-design-system",
      "version": "1.11.1",
      "dependencies": {
        "@tweenjs/tween.js": "^23.1.1",
        "aframe": "~1.5.0",
        "aframe-extras": "^7.5.4",
        "aframe-troika-text": "^0.14.0"
      },
      "devDependencies": {
        "vite": "^8.0.5"
      }
    },
    "node_modules/@emnapi/core": {
      "version": "1.9.2",
      "resolved": "https://registry.npmjs.org/@emnapi/core/-/core-1.9.2.tgz",
      "integrity": "sha512-UC+ZhH3XtczQYfOlu3lNEkdW/p4dsJ1r/bP7H8+rhao3TTTMO1ATq/4DdIi23XuGoFY+Cz0JmCbdVl0hz9jZcA==",
      "dev": true,
      "license": "MIT",
      "optional": true,
      "peer": true,
      "dependencies": {
        "@emnapi/wasi-threads": "1.2.1",
        "tslib": "^2.4.0"
      }
    },
    "node_modules/@emnapi/runtime": {
      "version": "1.9.2",
      "resolved": "https://registry.npmjs.org/@emnapi/runtime/-/runtime-1.9.2.tgz",
      "integrity": "sha512-3U4+MIWHImeyu1wnmVygh5WlgfYDtyf0k8AbLhMFxOipihf6nrWC4syIm/SwEeec0mNSafiiNnMJwbza/Is6Lw==",
      "dev": true,
      "license": "MIT",
      "optional": true,
      "peer": true,
      "dependencies": {
        "tslib": "^2.4.0"
      }
    },
    "node_modules/@emnapi/wasi-threads": {
      "version": "1.2.1",
      "resolved": "https://registry.npmjs.org/@emnapi/wasi-threads/-/wasi-threads-1.2.1.tgz",
      "integrity": "sha512-uTII7OYF+/Mes/MrcIOYp5yOtSMLBWSIoLPpcgwipoiKbli6k322tcoFsxoIIxPDqW01SQGAgko4EzZi2BNv2w==",
      "dev": true,
      "license": "MIT",
      "optional": true,
      "peer": true,
      "dependencies": {
        "tslib": "^2.4.0"
      }
    },
    "node_modules/@napi-rs/wasm-runtime": {
      "version": "1.1.3",
      "resolved": "https://registry.npmjs.org/@napi-rs/wasm-runtime/-/wasm-runtime-1.1.3.tgz",
      "integrity": "sha512-xK9sGVbJWYb08+mTJt3/YV24WxvxpXcXtP6B172paPZ+Ts69Re9dAr7lKwJoeIx8OoeuimEiRZ7umkiUVClmmQ==",
      "dev": true,
      "license": "MIT",
      "optional": true,
      "dependencies": {
        "@tybys/wasm-util": "^0.10.1"
      },
      "funding": {
        "type": "github",
        "url": "https://github.com/sponsors/Brooooooklyn"
      },
      "peerDependencies": {
        "@emnapi/core": "^1.7.1",
        "@emnapi/runtime": "^1.7.1"
      }
    },
    "node_modules/@oxc-project/types": {
      "version": "0.122.0",
      "resolved": "https://registry.npmjs.org/@oxc-project/types/-/types-0.122.0.tgz",
      "integrity": "sha512-oLAl5kBpV4w69UtFZ9xqcmTi+GENWOcPF7FCrczTiBbmC0ibXxCwyvZGbO39rCVEuLGAZM84DH0pUIyyv/YJzA==",
      "dev": true,
      "license": "MIT",
      "funding": {
        "url": "https://github.com/sponsors/Boshen"
      }
    },
    "node_modules/@rolldown/binding-android-arm64": {
      "version": "1.0.0-rc.12",
      "resolved": "https://registry.npmjs.org/@rolldown/binding-android-arm64/-/binding-android-arm64-1.0.0-rc.12.tgz",
      "integrity": "sha512-pv1y2Fv0JybcykuiiD3qBOBdz6RteYojRFY1d+b95WVuzx211CRh+ytI/+9iVyWQ6koTh5dawe4S/yRfOFjgaA==",
      "cpu": [
        "arm64"
      ],
      "dev": true,
      "license": "MIT",
      "optional": true,
      "os": [
        "android"
      ],
      "engines": {
        "node": "^20.19.0 || >=22.12.0"
      }
    },
    "node_modules/@rolldown/binding-darwin-arm64": {
      "version": "1.0.0-rc.12",
      "resolved": "https://registry.npmjs.org/@rolldown/binding-darwin-arm64/-/binding-darwin-arm64-1.0.0-rc.12.tgz",
      "integrity": "sha512-cFYr6zTG/3PXXF3pUO+umXxt1wkRK/0AYT8lDwuqvRC+LuKYWSAQAQZjCWDQpAH172ZV6ieYrNnFzVVcnSflAg==",
      "cpu": [
        "arm64"
      ],
      "dev": true,
      "license": "MIT",
      "optional": true,
      "os": [
        "darwin"
      ],
      "engines": {
        "node": "^20.19.0 || >=22.12.0"
      }
    },
    "node_modules/@rolldown/binding-darwin-x64": {
      "version": "1.0.0-rc.12",
      "resolved": "https://registry.npmjs.org/@rolldown/binding-darwin-x64/-/binding-darwin-x64-1.0.0-rc.12.tgz",
      "integrity": "sha512-ZCsYknnHzeXYps0lGBz8JrF37GpE9bFVefrlmDrAQhOEi4IOIlcoU1+FwHEtyXGx2VkYAvhu7dyBf75EJQffBw==",
      "cpu": [
        "x64"
      ],
      "dev": true,
      "license": "MIT",
      "optional": true,
      "os": [
        "darwin"
      ],
      "engines": {
        "node": "^20.19.0 || >=22.12.0"
      }
    },
    "node_modules/@rolldown/binding-freebsd-x64": {
      "version": "1.0.0-rc.12",
      "resolved": "https://registry.npmjs.org/@rolldown/binding-freebsd-x64/-/binding-freebsd-x64-1.0.0-rc.12.tgz",
      "integrity": "sha512-dMLeprcVsyJsKolRXyoTH3NL6qtsT0Y2xeuEA8WQJquWFXkEC4bcu1rLZZSnZRMtAqwtrF/Ib9Ddtpa/Gkge9Q==",
      "cpu": [
        "x64"
      ],
      "dev": true,
      "license": "MIT",
      "optional": true,
      "os": [
        "freebsd"
      ],
      "engines": {
        "node": "^20.19.0 || >=22.12.0"
      }
    },
    "node_modules/@rolldown/binding-linux-arm-gnueabihf": {
      "version": "1.0.0-rc.12",
      "resolved": "https://registry.npmjs.org/@rolldown/binding-linux-arm-gnueabihf/-/binding-linux-arm-gnueabihf-1.0.0-rc.12.tgz",
      "integrity": "sha512-YqWjAgGC/9M1lz3GR1r1rP79nMgo3mQiiA+Hfo+pvKFK1fAJ1bCi0ZQVh8noOqNacuY1qIcfyVfP6HoyBRZ85Q==",
      "cpu": [
        "arm"
      ],
      "dev": true,
      "license": "MIT",
      "optional": true,
      "os": [
        "linux"
      ],
      "engines": {
        "node": "^20.19.0 || >=22.12.0"
      }
    },
    "node_modules/@rolldown/binding-linux-arm64-gnu": {
      "version": "1.0.0-rc.12",
      "resolved": "https://registry.npmjs.org/@rolldown/binding-linux-arm64-gnu/-/binding-linux-arm64-gnu-1.0.0-rc.12.tgz",
      "integrity": "sha512-/I5AS4cIroLpslsmzXfwbe5OmWvSsrFuEw3mwvbQ1kDxJ822hFHIx+vsN/TAzNVyepI/j/GSzrtCIwQPeKCLIg==",
      "cpu": [
        "arm64"
      ],
      "dev": true,
      "libc": [
        "glibc"
      ],
      "license": "MIT",
      "optional": true,
      "os": [
        "linux"
      ],
      "engines": {
        "node": "^20.19.0 || >=22.12.0"
      }
    },
    "node_modules/@rolldown/binding-linux-arm64-musl": {
      "version": "1.0.0-rc.12",
      "resolved": "https://registry.npmjs.org/@rolldown/binding-linux-arm64-musl/-/binding-linux-arm64-musl-1.0.0-rc.12.tgz",
      "integrity": "sha512-V6/wZztnBqlx5hJQqNWwFdxIKN0m38p8Jas+VoSfgH54HSj9tKTt1dZvG6JRHcjh6D7TvrJPWFGaY9UBVOaWPw==",
      "cpu": [
        "arm64"
      ],
      "dev": true,
      "libc": [
        "musl"
      ],
      "license": "MIT",
      "optional": true,
      "os": [
        "linux"
      ],
      "engines": {
        "node": "^20.19.0 || >=22.12.0"
      }
    },
    "node_modules/@rolldown/binding-linux-ppc64-gnu": {
      "version": "1.0.0-rc.12",
      "resolved": "https://registry.npmjs.org/@rolldown/binding-linux-ppc64-gnu/-/binding-linux-ppc64-gnu-1.0.0-rc.12.tgz",
      "integrity": "sha512-AP3E9BpcUYliZCxa3w5Kwj9OtEVDYK6sVoUzy4vTOJsjPOgdaJZKFmN4oOlX0Wp0RPV2ETfmIra9x1xuayFB7g==",
      "cpu": [
        "ppc64"
      ],
      "dev": true,
      "libc": [
        "glibc"
      ],
      "license": "MIT",
      "optional": true,
      "os": [
        "linux"
      ],
      "engines": {
        "node": "^20.19.0 || >=22.12.0"
      }
    },
    "node_modules/@rolldown/binding-linux-s390x-gnu": {
      "version": "1.0.0-rc.12",
      "resolved": "https://registry.npmjs.org/@rolldown/binding-linux-s390x-gnu/-/binding-linux-s390x-gnu-1.0.0-rc.12.tgz",
      "integrity": "sha512-nWwpvUSPkoFmZo0kQazZYOrT7J5DGOJ/+QHHzjvNlooDZED8oH82Yg67HvehPPLAg5fUff7TfWFHQS8IV1n3og==",
      "cpu": [
        "s390x"
      ],
      "dev": true,
      "libc": [
        "glibc"
      ],
      "license": "MIT",
      "optional": true,
      "os": [
        "linux"
      ],
      "engines": {
        "node": "^20.19.0 || >=22.12.0"
      }
    },
    "node_modules/@rolldown/binding-linux-x64-gnu": {
      "version": "1.0.0-rc.12",
      "resolved": "https://registry.npmjs.org/@rolldown/binding-linux-x64-gnu/-/binding-linux-x64-gnu-1.0.0-rc.12.tgz",
      "integrity": "sha512-RNrafz5bcwRy+O9e6P8Z/OCAJW/A+qtBczIqVYwTs14pf4iV1/+eKEjdOUta93q2TsT/FI0XYDP3TCky38LMAg==",
      "cpu": [
        "x64"
      ],
      "dev": true,
      "libc": [
        "glibc"
      ],
      "license": "MIT",
      "optional": true,
      "os": [
        "linux"
      ],
      "engines": {
        "node": "^20.19.0 || >=22.12.0"
      }
    },
    "node_modules/@rolldown/binding-linux-x64-musl": {
      "version": "1.0.0-rc.12",
      "resolved": "https://registry.npmjs.org/@rolldown/binding-linux-x64-musl/-/binding-linux-x64-musl-1.0.0-rc.12.tgz",
      "integrity": "sha512-Jpw/0iwoKWx3LJ2rc1yjFrj+T7iHZn2JDg1Yny1ma0luviFS4mhAIcd1LFNxK3EYu3DHWCps0ydXQ5i/rrJ2ig==",
      "cpu": [
        "x64"
      ],
      "dev": true,
      "libc": [
        "musl"
      ],
      "license": "MIT",
      "optional": true,
      "os": [
        "linux"
      ],
      "engines": {
        "node": "^20.19.0 || >=22.12.0"
      }
    },
    "node_modules/@rolldown/binding-openharmony-arm64": {
      "version": "1.0.0-rc.12",
      "resolved": "https://registry.npmjs.org/@rolldown/binding-openharmony-arm64/-/binding-openharmony-arm64-1.0.0-rc.12.tgz",
      "integrity": "sha512-vRugONE4yMfVn0+7lUKdKvN4D5YusEiPilaoO2sgUWpCvrncvWgPMzK00ZFFJuiPgLwgFNP5eSiUlv2tfc+lpA==",
      "cpu": [
        "arm64"
      ],
      "dev": true,
      "license": "MIT",
      "optional": true,
      "os": [
        "openharmony"
      ],
      "engines": {
        "node": "^20.19.0 || >=22.12.0"
      }
    },
    "node_modules/@rolldown/binding-wasm32-wasi": {
      "version": "1.0.0-rc.12",
      "resolved": "https://registry.npmjs.org/@rolldown/binding-wasm32-wasi/-/binding-wasm32-wasi-1.0.0-rc.12.tgz",
      "integrity": "sha512-ykGiLr/6kkiHc0XnBfmFJuCjr5ZYKKofkx+chJWDjitX+KsJuAmrzWhwyOMSHzPhzOHOy7u9HlFoa5MoAOJ/Zg==",
      "cpu": [
        "wasm32"
      ],
      "dev": true,
      "license": "MIT",
      "optional": true,
      "dependencies": {
        "@napi-rs/wasm-runtime": "^1.1.1"
      },
      "engines": {
        "node": ">=14.0.0"
      }
    },
    "node_modules/@rolldown/binding-win32-arm64-msvc": {
      "version": "1.0.0-rc.12",
      "resolved": "https://registry.npmjs.org/@rolldown/binding-win32-arm64-msvc/-/binding-win32-arm64-msvc-1.0.0-rc.12.tgz",
      "integrity": "sha512-5eOND4duWkwx1AzCxadcOrNeighiLwMInEADT0YM7xeEOOFcovWZCq8dadXgcRHSf3Ulh1kFo/qvzoFiCLOL1Q==",
      "cpu": [
        "arm64"
      ],
      "dev": true,
      "license": "MIT",
      "optional": true,
      "os": [
        "win32"
      ],
      "engines": {
        "node": "^20.19.0 || >=22.12.0"
      }
    },
    "node_modules/@rolldown/binding-win32-x64-msvc": {
      "version": "1.0.0-rc.12",
      "resolved": "https://registry.npmjs.org/@rolldown/binding-win32-x64-msvc/-/binding-win32-x64-msvc-1.0.0-rc.12.tgz",
      "integrity": "sha512-PyqoipaswDLAZtot351MLhrlrh6lcZPo2LSYE+VDxbVk24LVKAGOuE4hb8xZQmrPAuEtTZW8E6D2zc5EUZX4Lw==",
      "cpu": [
        "x64"
      ],
      "dev": true,
      "license": "MIT",
      "optional": true,
      "os": [
        "win32"
      ],
      "engines": {
        "node": "^20.19.0 || >=22.12.0"
      }
    },
    "node_modules/@rolldown/pluginutils": {
      "version": "1.0.0-rc.12",
      "resolved": "https://registry.npmjs.org/@rolldown/pluginutils/-/pluginutils-1.0.0-rc.12.tgz",
      "integrity": "sha512-HHMwmarRKvoFsJorqYlFeFRzXZqCt2ETQlEDOb9aqssrnVBB1/+xgTGtuTrIk5vzLNX1MjMtTf7W9z3tsSbrxw==",
      "dev": true,
      "license": "MIT"
    },
    "node_modules/@tweenjs/tween.js": {
      "version": "23.1.3",
      "license": "MIT"
    },
    "node_modules/@tybys/wasm-util": {
      "version": "0.10.1",
      "resolved": "https://registry.npmjs.org/@tybys/wasm-util/-/wasm-util-0.10.1.tgz",
      "integrity": "sha512-9tTaPJLSiejZKx+Bmog4uSubteqTvFrVrURwkmHixBo0G4seD0zUxp98E1DzUBJxLQ3NPwXrGKDiVjwx/DpPsg==",
      "dev": true,
      "license": "MIT",
      "optional": true,
      "dependencies": {
        "tslib": "^2.4.0"
      }
    },
    "node_modules/@ungap/custom-elements": {
      "version": "1.3.0",
      "license": "ISC"
    },
    "node_modules/aframe": {
      "version": "1.5.0",
      "license": "MIT",
      "dependencies": {
        "@ungap/custom-elements": "^1.1.0",
        "buffer": "^6.0.3",
        "custom-event-polyfill": "^1.0.6",
        "debug": "ngokevin/debug#noTimestamp",
        "deep-assign": "^2.0.0",
        "load-bmfont": "^1.2.3",
        "object-assign": "^4.0.1",
        "present": "0.0.6",
        "promise-polyfill": "^3.1.0",
        "super-animejs": "^3.1.0",
        "super-three": "0.158.0",
        "three-bmfont-text": "dmarcos/three-bmfont-text#eed4878795be9b3e38cf6aec6b903f56acd1f695",
        "webvr-polyfill": "^0.10.12"
      },
      "engines": {
        "node": ">= 4.6.0",
        "npm": ">= 2.15.9"
      }
    },
    "node_modules/aframe-extras": {
      "version": "7.6.0",
      "license": "MIT",
      "dependencies": {
        "nipplejs": "^0.10.2",
        "three": "^0.164.0",
        "three-pathfinding": "^1.3.0"
      }
    },
    "node_modules/aframe-troika-text": {
      "version": "0.14.0",
      "resolved": "https://registry.npmjs.org/aframe-troika-text/-/aframe-troika-text-0.14.0.tgz",
      "integrity": "sha512-jmX1NxCDGN8AKcNBz0ojuC2i3A9Xe+x/FJNMWjGJAjqijfytD74Rkk5a5xUh6pHHMlJbO3erQYzOTCB610RRvQ==",
      "license": "MIT",
      "dependencies": {
        "troika-three-text": "^0.52.2"
      },
      "peerDependencies": {
        "aframe": "1.1.x - 1.7.x"
      }
    },
    "node_modules/aframe/@spatialhub/three-bmfont-text": {},
    "node_modules/base64-js": {
      "version": "1.5.1",
      "funding": [
        {
          "type": "github",
          "url": "https://github.com/sponsors/feross"
        },
        {
          "type": "patreon",
          "url": "https://www.patreon.com/feross"
        },
        {
          "type": "consulting",
          "url": "https://feross.org/support"
        }
      ],
      "license": "MIT"
    },
    "node_modules/bidi-js": {
      "version": "1.0.3",
      "resolved": "https://registry.npmjs.org/bidi-js/-/bidi-js-1.0.3.tgz",
      "integrity": "sha512-RKshQI1R3YQ+n9YJz2QQ147P66ELpa1FQEg20Dk8oW9t2KgLbpDLLp9aGZ7y8WHSshDknG0bknqGw5/tyCs5tw==",
      "license": "MIT",
      "dependencies": {
        "require-from-string": "^2.0.2"
      }
    },
    "node_modules/buffer": {
      "version": "6.0.3",
      "funding": [
        {
          "type": "github",
          "url": "https://github.com/sponsors/feross"
        },
        {
          "type": "patreon",
          "url": "https://www.patreon.com/feross"
        },
        {
          "type": "consulting",
          "url": "https://feross.org/support"
        }
      ],
      "license": "MIT",
      "dependencies": {
        "base64-js": "^1.3.1",
        "ieee754": "^1.2.1"
      }
    },
    "node_modules/buffer-equal": {
      "version": "0.0.1",
      "license": "MIT",
      "engines": {
        "node": ">=0.4.0"
      }
    },
    "node_modules/cardboard-vr-display": {
      "version": "1.0.19",
      "license": "Apache-2.0",
      "dependencies": {
        "gl-preserve-state": "^1.0.0",
        "nosleep.js": "^0.7.0",
        "webvr-polyfill-dpdb": "^1.0.17"
      }
    },
    "node_modules/centra": {
      "version": "2.7.0",
      "license": "MIT",
      "dependencies": {
        "follow-redirects": "^1.15.6"
      }
    },
    "node_modules/custom-event-polyfill": {
      "version": "1.0.7",
      "license": "MIT"
    },
    "node_modules/debug": {
      "version": "2.2.0",
      "resolved": "git+ssh://git@github.com/ngokevin/debug.git#ef5f8e66d49ce8bc64c6f282c15f8b7164409e3a",
      "license": "MIT"
    },
    "node_modules/deep-assign": {
      "version": "2.0.0",
      "license": "MIT",
      "dependencies": {
        "is-obj": "^1.0.0"
      },
      "engines": {
        "node": ">=0.10.0"
      }
    },
    "node_modules/detect-libc": {
      "version": "2.1.2",
      "resolved": "https://registry.npmjs.org/detect-libc/-/detect-libc-2.1.2.tgz",
      "integrity": "sha512-Btj2BOOO83o3WyH59e8MgXsxEQVcarkUOpEYrubB0urwnN10yQ364rsiByU11nZlqWYZm05i/of7io4mzihBtQ==",
      "dev": true,
      "license": "Apache-2.0",
      "engines": {
        "node": ">=8"
      }
    },
    "node_modules/dom-walk": {
      "version": "0.1.2"
    },
    "node_modules/fdir": {
      "version": "6.5.0",
      "resolved": "https://registry.npmjs.org/fdir/-/fdir-6.5.0.tgz",
      "integrity": "sha512-tIbYtZbucOs0BRGqPJkshJUYdL+SDH7dVM8gjy+ERp3WAUjLEFJE+02kanyHtwjWOnwrKYBiwAmM0p4kLJAnXg==",
      "dev": true,
      "license": "MIT",
      "engines": {
        "node": ">=12.0.0"
      },
      "peerDependencies": {
        "picomatch": "^3 || ^4"
      },
      "peerDependenciesMeta": {
        "picomatch": {
          "optional": true
        }
      }
    },
    "node_modules/follow-redirects": {
      "version": "1.16.0",
      "resolved": "https://registry.npmjs.org/follow-redirects/-/follow-redirects-1.16.0.tgz",
      "integrity": "sha512-y5rN/uOsadFT/JfYwhxRS5R7Qce+g3zG97+JrtFZlC9klX/W5hD7iiLzScI4nZqUS7DNUdhPgw4xI8W2LuXlUw==",
      "funding": [
        {
          "type": "individual",
          "url": "https://github.com/sponsors/RubenVerborgh"
        }
      ],
      "license": "MIT",
      "engines": {
        "node": ">=4.0"
      },
      "peerDependenciesMeta": {
        "debug": {
          "optional": true
        }
      }
    },
    "node_modules/fsevents": {
      "version": "2.3.3",
      "resolved": "https://registry.npmjs.org/fsevents/-/fsevents-2.3.3.tgz",
      "integrity": "sha512-5xoDfX+fL7faATnagmWPpbFtwh/R77WmMMqqHGS65C3vvB0YHrgF+B1YmZ3441tMj5n63k0212XNoJwzlhffQw==",
      "dev": true,
      "hasInstallScript": true,
      "license": "MIT",
      "optional": true,
      "os": [
        "darwin"
      ],
      "engines": {
        "node": "^8.16.0 || ^10.6.0 || >=11.0.0"
      }
    },
    "node_modules/gl-preserve-state": {
      "version": "1.0.0",
      "license": "MIT"
    },
    "node_modules/global": {
      "version": "4.4.0",
      "license": "MIT",
      "dependencies": {
        "min-document": "^2.19.0",
        "process": "^0.11.10"
      }
    },
    "node_modules/ieee754": {
      "version": "1.2.1",
      "funding": [
        {
          "type": "github",
          "url": "https://github.com/sponsors/feross"
        },
        {
          "type": "patreon",
          "url": "https://www.patreon.com/feross"
        },
        {
          "type": "consulting",
          "url": "https://feross.org/support"
        }
      ],
      "license": "BSD-3-Clause"
    },
    "node_modules/is-function": {
      "version": "1.0.2",
      "license": "MIT"
    },
    "node_modules/is-obj": {
      "version": "1.0.1",
      "license": "MIT",
      "engines": {
        "node": ">=0.10.0"
      }
    },
    "node_modules/lightningcss": {
      "version": "1.32.0",
      "resolved": "https://registry.npmjs.org/lightningcss/-/lightningcss-1.32.0.tgz",
      "integrity": "sha512-NXYBzinNrblfraPGyrbPoD19C1h9lfI/1mzgWYvXUTe414Gz/X1FD2XBZSZM7rRTrMA8JL3OtAaGifrIKhQ5yQ==",
      "dev": true,
      "license": "MPL-2.0",
      "dependencies": {
        "detect-libc": "^2.0.3"
      },
      "engines": {
        "node": ">= 12.0.0"
      },
      "funding": {
        "type": "opencollective",
        "url": "https://opencollective.com/parcel"
      },
      "optionalDependencies": {
        "lightningcss-android-arm64": "1.32.0",
        "lightningcss-darwin-arm64": "1.32.0",
        "lightningcss-darwin-x64": "1.32.0",
        "lightningcss-freebsd-x64": "1.32.0",
        "lightningcss-linux-arm-gnueabihf": "1.32.0",
        "lightningcss-linux-arm64-gnu": "1.32.0",
        "lightningcss-linux-arm64-musl": "1.32.0",
        "lightningcss-linux-x64-gnu": "1.32.0",
        "lightningcss-linux-x64-musl": "1.32.0",
        "lightningcss-win32-arm64-msvc": "1.32.0",
        "lightningcss-win32-x64-msvc": "1.32.0"
      }
    },
    "node_modules/lightningcss-android-arm64": {
      "version": "1.32.0",
      "resolved": "https://registry.npmjs.org/lightningcss-android-arm64/-/lightningcss-android-arm64-1.32.0.tgz",
      "integrity": "sha512-YK7/ClTt4kAK0vo6w3X+Pnm0D2cf2vPHbhOXdoNti1Ga0al1P4TBZhwjATvjNwLEBCnKvjJc2jQgHXH0NEwlAg==",
      "cpu": [
        "arm64"
      ],
      "dev": true,
      "license": "MPL-2.0",
      "optional": true,
      "os": [
        "android"
      ],
      "engines": {
        "node": ">= 12.0.0"
      },
      "funding": {
        "type": "opencollective",
        "url": "https://opencollective.com/parcel"
      }
    },
    "node_modules/lightningcss-darwin-arm64": {
      "version": "1.32.0",
      "resolved": "https://registry.npmjs.org/lightningcss-darwin-arm64/-/lightningcss-darwin-arm64-1.32.0.tgz",
      "integrity": "sha512-RzeG9Ju5bag2Bv1/lwlVJvBE3q6TtXskdZLLCyfg5pt+HLz9BqlICO7LZM7VHNTTn/5PRhHFBSjk5lc4cmscPQ==",
      "cpu": [
        "arm64"
      ],
      "dev": true,
      "license": "MPL-2.0",
      "optional": true,
      "os": [
        "darwin"
      ],
      "engines": {
        "node": ">= 12.0.0"
      },
      "funding": {
        "type": "opencollective",
        "url": "https://opencollective.com/parcel"
      }
    },
    "node_modules/lightningcss-darwin-x64": {
      "version": "1.32.0",
      "resolved": "https://registry.npmjs.org/lightningcss-darwin-x64/-/lightningcss-darwin-x64-1.32.0.tgz",
      "integrity": "sha512-U+QsBp2m/s2wqpUYT/6wnlagdZbtZdndSmut/NJqlCcMLTWp5muCrID+K5UJ6jqD2BFshejCYXniPDbNh73V8w==",
      "cpu": [
        "x64"
      ],
      "dev": true,
      "license": "MPL-2.0",
      "optional": true,
      "os": [
        "darwin"
      ],
      "engines": {
        "node": ">= 12.0.0"
      },
      "funding": {
        "type": "opencollective",
        "url": "https://opencollective.com/parcel"
      }
    },
    "node_modules/lightningcss-freebsd-x64": {
      "version": "1.32.0",
      "resolved": "https://registry.npmjs.org/lightningcss-freebsd-x64/-/lightningcss-freebsd-x64-1.32.0.tgz",
      "integrity": "sha512-JCTigedEksZk3tHTTthnMdVfGf61Fky8Ji2E4YjUTEQX14xiy/lTzXnu1vwiZe3bYe0q+SpsSH/CTeDXK6WHig==",
      "cpu": [
        "x64"
      ],
      "dev": true,
      "license": "MPL-2.0",
      "optional": true,
      "os": [
        "freebsd"
      ],
      "engines": {
        "node": ">= 12.0.0"
      },
      "funding": {
        "type": "opencollective",
        "url": "https://opencollective.com/parcel"
      }
    },
    "node_modules/lightningcss-linux-arm-gnueabihf": {
      "version": "1.32.0",
      "resolved": "https://registry.npmjs.org/lightningcss-linux-arm-gnueabihf/-/lightningcss-linux-arm-gnueabihf-1.32.0.tgz",
      "integrity": "sha512-x6rnnpRa2GL0zQOkt6rts3YDPzduLpWvwAF6EMhXFVZXD4tPrBkEFqzGowzCsIWsPjqSK+tyNEODUBXeeVHSkw==",
      "cpu": [
        "arm"
      ],
      "dev": true,
      "license": "MPL-2.0",
      "optional": true,
      "os": [
        "linux"
      ],
      "engines": {
        "node": ">= 12.0.0"
      },
      "funding": {
        "type": "opencollective",
        "url": "https://opencollective.com/parcel"
      }
    },
    "node_modules/lightningcss-linux-arm64-gnu": {
      "version": "1.32.0",
      "resolved": "https://registry.npmjs.org/lightningcss-linux-arm64-gnu/-/lightningcss-linux-arm64-gnu-1.32.0.tgz",
      "integrity": "sha512-0nnMyoyOLRJXfbMOilaSRcLH3Jw5z9HDNGfT/gwCPgaDjnx0i8w7vBzFLFR1f6CMLKF8gVbebmkUN3fa/kQJpQ==",
      "cpu": [
        "arm64"
      ],
      "dev": true,
      "libc": [
        "glibc"
      ],
      "license": "MPL-2.0",
      "optional": true,
      "os": [
        "linux"
      ],
      "engines": {
        "node": ">= 12.0.0"
      },
      "funding": {
        "type": "opencollective",
        "url": "https://opencollective.com/parcel"
      }
    },
    "node_modules/lightningcss-linux-arm64-musl": {
      "version": "1.32.0",
      "resolved": "https://registry.npmjs.org/lightningcss-linux-arm64-musl/-/lightningcss-linux-arm64-musl-1.32.0.tgz",
      "integrity": "sha512-UpQkoenr4UJEzgVIYpI80lDFvRmPVg6oqboNHfoH4CQIfNA+HOrZ7Mo7KZP02dC6LjghPQJeBsvXhJod/wnIBg==",
      "cpu": [
        "arm64"
      ],
      "dev": true,
      "libc": [
        "musl"
      ],
      "license": "MPL-2.0",
      "optional": true,
      "os": [
        "linux"
      ],
      "engines": {
        "node": ">= 12.0.0"
      },
      "funding": {
        "type": "opencollective",
        "url": "https://opencollective.com/parcel"
      }
    },
    "node_modules/lightningcss-linux-x64-gnu": {
      "version": "1.32.0",
      "resolved": "https://registry.npmjs.org/lightningcss-linux-x64-gnu/-/lightningcss-linux-x64-gnu-1.32.0.tgz",
      "integrity": "sha512-V7Qr52IhZmdKPVr+Vtw8o+WLsQJYCTd8loIfpDaMRWGUZfBOYEJeyJIkqGIDMZPwPx24pUMfwSxxI8phr/MbOA==",
      "cpu": [
        "x64"
      ],
      "dev": true,
      "libc": [
        "glibc"
      ],
      "license": "MPL-2.0",
      "optional": true,
      "os": [
        "linux"
      ],
      "engines": {
        "node": ">= 12.0.0"
      },
      "funding": {
        "type": "opencollective",
        "url": "https://opencollective.com/parcel"
      }
    },
    "node_modules/lightningcss-linux-x64-musl": {
      "version": "1.32.0",
      "resolved": "https://registry.npmjs.org/lightningcss-linux-x64-musl/-/lightningcss-linux-x64-musl-1.32.0.tgz",
      "integrity": "sha512-bYcLp+Vb0awsiXg/80uCRezCYHNg1/l3mt0gzHnWV9XP1W5sKa5/TCdGWaR/zBM2PeF/HbsQv/j2URNOiVuxWg==",
      "cpu": [
        "x64"
      ],
      "dev": true,
      "libc": [
        "musl"
      ],
      "license": "MPL-2.0",
      "optional": true,
      "os": [
        "linux"
      ],
      "engines": {
        "node": ">= 12.0.0"
      },
      "funding": {
        "type": "opencollective",
        "url": "https://opencollective.com/parcel"
      }
    },
    "node_modules/lightningcss-win32-arm64-msvc": {
      "version": "1.32.0",
      "resolved": "https://registry.npmjs.org/lightningcss-win32-arm64-msvc/-/lightningcss-win32-arm64-msvc-1.32.0.tgz",
      "integrity": "sha512-8SbC8BR40pS6baCM8sbtYDSwEVQd4JlFTOlaD3gWGHfThTcABnNDBda6eTZeqbofalIJhFx0qKzgHJmcPTnGdw==",
      "cpu": [
        "arm64"
      ],
      "dev": true,
      "license": "MPL-2.0",
      "optional": true,
      "os": [
        "win32"
      ],
      "engines": {
        "node": ">= 12.0.0"
      },
      "funding": {
        "type": "opencollective",
        "url": "https://opencollective.com/parcel"
      }
    },
    "node_modules/lightningcss-win32-x64-msvc": {
      "version": "1.32.0",
      "resolved": "https://registry.npmjs.org/lightningcss-win32-x64-msvc/-/lightningcss-win32-x64-msvc-1.32.0.tgz",
      "integrity": "sha512-Amq9B/SoZYdDi1kFrojnoqPLxYhQ4Wo5XiL8EVJrVsB8ARoC1PWW6VGtT0WKCemjy8aC+louJnjS7U18x3b06Q==",
      "cpu": [
        "x64"
      ],
      "dev": true,
      "license": "MPL-2.0",
      "optional": true,
      "os": [
        "win32"
      ],
      "engines": {
        "node": ">= 12.0.0"
      },
      "funding": {
        "type": "opencollective",
        "url": "https://opencollective.com/parcel"
      }
    },
    "node_modules/load-bmfont": {
      "version": "1.4.2",
      "license": "MIT",
      "dependencies": {
        "buffer-equal": "0.0.1",
        "mime": "^1.3.4",
        "parse-bmfont-ascii": "^1.0.3",
        "parse-bmfont-binary": "^1.0.5",
        "parse-bmfont-xml": "^1.1.4",
        "phin": "^3.7.1",
        "xhr": "^2.0.1",
        "xtend": "^4.0.0"
      }
    },
    "node_modules/mime": {
      "version": "1.6.0",
      "license": "MIT",
      "bin": {
        "mime": "cli.js"
      },
      "engines": {
        "node": ">=4"
      }
    },
    "node_modules/min-document": {
      "version": "2.19.2",
      "license": "MIT",
      "dependencies": {
        "dom-walk": "^0.1.0"
      }
    },
    "node_modules/nanoid": {
      "version": "3.3.11",
      "resolved": "https://registry.npmjs.org/nanoid/-/nanoid-3.3.11.tgz",
      "integrity": "sha512-N8SpfPUnUp1bK+PMYW8qSWdl9U+wwNWI4QKxOYDy9JAro3WMX7p2OeVRF9v+347pnakNevPmiHhNmZ2HbFA76w==",
      "dev": true,
      "funding": [
        {
          "type": "github",
          "url": "https://github.com/sponsors/ai"
        }
      ],
      "license": "MIT",
      "bin": {
        "nanoid": "bin/nanoid.cjs"
      },
      "engines": {
        "node": "^10 || ^12 || ^13.7 || ^14 || >=15.0.1"
      }
    },
    "node_modules/nipplejs": {
      "version": "0.10.2",
      "license": "MIT"
    },
    "node_modules/nosleep.js": {
      "version": "0.7.0",
      "license": "MIT"
    },
    "node_modules/object-assign": {
      "version": "4.1.1",
      "license": "MIT",
      "engines": {
        "node": ">=0.10.0"
      }
    },
    "node_modules/parse-bmfont-ascii": {
      "version": "1.0.6",
      "license": "MIT"
    },
    "node_modules/parse-bmfont-binary": {
      "version": "1.0.6",
      "license": "MIT"
    },
    "node_modules/parse-bmfont-xml": {
      "version": "1.1.6",
      "license": "MIT",
      "dependencies": {
        "xml-parse-from-string": "^1.0.0",
        "xml2js": "^0.5.0"
      }
    },
    "node_modules/parse-headers": {
      "version": "2.0.6",
      "license": "MIT"
    },
    "node_modules/phin": {
      "version": "3.7.1",
      "license": "MIT",
      "dependencies": {
        "centra": "^2.7.0"
      },
      "engines": {
        "node": ">= 8"
      }
    },
    "node_modules/picocolors": {
      "version": "1.1.1",
      "resolved": "https://registry.npmjs.org/picocolors/-/picocolors-1.1.1.tgz",
      "integrity": "sha512-xceH2snhtb5M9liqDsmEw56le376mTZkEX/jEb/RxNFyegNul7eNslCXP9FDj/Lcu0X8KEyMceP2ntpaHrDEVA==",
      "dev": true,
      "license": "ISC"
    },
    "node_modules/picomatch": {
      "version": "4.0.4",
      "resolved": "https://registry.npmjs.org/picomatch/-/picomatch-4.0.4.tgz",
      "integrity": "sha512-QP88BAKvMam/3NxH6vj2o21R6MjxZUAd6nlwAS/pnGvN9IVLocLHxGYIzFhg6fUQ+5th6P4dv4eW9jX3DSIj7A==",
      "dev": true,
      "license": "MIT",
      "engines": {
        "node": ">=12"
      },
      "funding": {
        "url": "https://github.com/sponsors/jonschlinkert"
      }
    },
    "node_modules/postcss": {
      "version": "8.5.9",
      "resolved": "https://registry.npmjs.org/postcss/-/postcss-8.5.9.tgz",
      "integrity": "sha512-7a70Nsot+EMX9fFU3064K/kdHWZqGVY+BADLyXc8Dfv+mTLLVl6JzJpPaCZ2kQL9gIJvKXSLMHhqdRRjwQeFtw==",
      "dev": true,
      "funding": [
        {
          "type": "opencollective",
          "url": "https://opencollective.com/postcss/"
        },
        {
          "type": "tidelift",
          "url": "https://tidelift.com/funding/github/npm/postcss"
        },
        {
          "type": "github",
          "url": "https://github.com/sponsors/ai"
        }
      ],
      "license": "MIT",
      "dependencies": {
        "nanoid": "^3.3.11",
        "picocolors": "^1.1.1",
        "source-map-js": "^1.2.1"
      },
      "engines": {
        "node": "^10 || ^12 || >=14"
      }
    },
    "node_modules/present": {
      "version": "0.0.6",
      "license": "MIT"
    },
    "node_modules/process": {
      "version": "0.11.10",
      "license": "MIT",
      "engines": {
        "node": ">= 0.6.0"
      }
    },
    "node_modules/promise-polyfill": {
      "version": "3.1.0",
      "license": "MIT"
    },
    "node_modules/require-from-string": {
      "version": "2.0.2",
      "resolved": "https://registry.npmjs.org/require-from-string/-/require-from-string-2.0.2.tgz",
      "integrity": "sha512-Xf0nWe6RseziFMu+Ap9biiUbmplq6S9/p+7w7YXP/JBHhrUDDUhwa+vANyubuqfZWTveU//DYVGsDG7RKL/vEw==",
      "license": "MIT",
      "engines": {
        "node": ">=0.10.0"
      }
    },
    "node_modules/rolldown": {
      "version": "1.0.0-rc.12",
      "resolved": "https://registry.npmjs.org/rolldown/-/rolldown-1.0.0-rc.12.tgz",
      "integrity": "sha512-yP4USLIMYrwpPHEFB5JGH1uxhcslv6/hL0OyvTuY+3qlOSJvZ7ntYnoWpehBxufkgN0cvXxppuTu5hHa/zPh+A==",
      "dev": true,
      "license": "MIT",
      "dependencies": {
        "@oxc-project/types": "=0.122.0",
        "@rolldown/pluginutils": "1.0.0-rc.12"
      },
      "bin": {
        "rolldown": "bin/cli.mjs"
      },
      "engines": {
        "node": "^20.19.0 || >=22.12.0"
      },
      "optionalDependencies": {
        "@rolldown/binding-android-arm64": "1.0.0-rc.12",
        "@rolldown/binding-darwin-arm64": "1.0.0-rc.12",
        "@rolldown/binding-darwin-x64": "1.0.0-rc.12",
        "@rolldown/binding-freebsd-x64": "1.0.0-rc.12",
        "@rolldown/binding-linux-arm-gnueabihf": "1.0.0-rc.12",
        "@rolldown/binding-linux-arm64-gnu": "1.0.0-rc.12",
        "@rolldown/binding-linux-arm64-musl": "1.0.0-rc.12",
        "@rolldown/binding-linux-ppc64-gnu": "1.0.0-rc.12",
        "@rolldown/binding-linux-s390x-gnu": "1.0.0-rc.12",
        "@rolldown/binding-linux-x64-gnu": "1.0.0-rc.12",
        "@rolldown/binding-linux-x64-musl": "1.0.0-rc.12",
        "@rolldown/binding-openharmony-arm64": "1.0.0-rc.12",
        "@rolldown/binding-wasm32-wasi": "1.0.0-rc.12",
        "@rolldown/binding-win32-arm64-msvc": "1.0.0-rc.12",
        "@rolldown/binding-win32-x64-msvc": "1.0.0-rc.12"
      }
    },
    "node_modules/sax": {
      "version": "1.4.1",
      "license": "ISC"
    },
    "node_modules/source-map-js": {
      "version": "1.2.1",
      "resolved": "https://registry.npmjs.org/source-map-js/-/source-map-js-1.2.1.tgz",
      "integrity": "sha512-UXWMKhLOwVKb728IUtQPXxfYU+usdybtUrK/8uGE8CQMvrhOpwvzDBwj0QhSL7MQc7vIsISBG8VQ8+IDQxpfQA==",
      "dev": true,
      "license": "BSD-3-Clause",
      "engines": {
        "node": ">=0.10.0"
      }
    },
    "node_modules/super-animejs": {
      "version": "3.1.0",
      "license": "MIT"
    },
    "node_modules/super-three": {
      "version": "0.158.0",
      "license": "MIT"
    },
    "node_modules/three": {
      "version": "0.164.1",
      "license": "MIT"
    },
    "node_modules/three-bmfont-text": {
      "resolved": "node_modules/aframe/@spatialhub/three-bmfont-text",
      "link": true
    },
    "node_modules/three-pathfinding": {
      "version": "1.3.0",
      "license": "MIT",
      "peerDependencies": {
        "three": "0.x.x"
      }
    },
    "node_modules/tinyglobby": {
      "version": "0.2.16",
      "resolved": "https://registry.npmjs.org/tinyglobby/-/tinyglobby-0.2.16.tgz",
      "integrity": "sha512-pn99VhoACYR8nFHhxqix+uvsbXineAasWm5ojXoN8xEwK5Kd3/TrhNn1wByuD52UxWRLy8pu+kRMniEi6Eq9Zg==",
      "dev": true,
      "license": "MIT",
      "dependencies": {
        "fdir": "^6.5.0",
        "picomatch": "^4.0.4"
      },
      "engines": {
        "node": ">=12.0.0"
      },
      "funding": {
        "url": "https://github.com/sponsors/SuperchupuDev"
      }
    },
    "node_modules/troika-three-text": {
      "version": "0.52.4",
      "resolved": "https://registry.npmjs.org/troika-three-text/-/troika-three-text-0.52.4.tgz",
      "integrity": "sha512-V50EwcYGruV5rUZ9F4aNsrytGdKcXKALjEtQXIOBfhVoZU9VAqZNIoGQ3TMiooVqFAbR1w15T+f+8gkzoFzawg==",
      "license": "MIT",
      "dependencies": {
        "bidi-js": "^1.0.2",
        "troika-three-utils": "^0.52.4",
        "troika-worker-utils": "^0.52.0",
        "webgl-sdf-generator": "1.1.1"
      },
      "peerDependencies": {
        "three": ">=0.125.0"
      }
    },
    "node_modules/troika-three-utils": {
      "version": "0.52.4",
      "resolved": "https://registry.npmjs.org/troika-three-utils/-/troika-three-utils-0.52.4.tgz",
      "integrity": "sha512-NORAStSVa/BDiG52Mfudk4j1FG4jC4ILutB3foPnfGbOeIs9+G5vZLa0pnmnaftZUGm4UwSoqEpWdqvC7zms3A==",
      "license": "MIT",
      "peerDependencies": {
        "three": ">=0.125.0"
      }
    },
    "node_modules/troika-worker-utils": {
      "version": "0.52.0",
      "resolved": "https://registry.npmjs.org/troika-worker-utils/-/troika-worker-utils-0.52.0.tgz",
      "integrity": "sha512-W1CpvTHykaPH5brv5VHLfQo9D1OYuo0cSBEUQFFT/nBUzM8iD6Lq2/tgG/f1OelbAS1WtaTPQzE5uM49egnngw==",
      "license": "MIT"
    },
    "node_modules/tslib": {
      "version": "2.8.1",
      "resolved": "https://registry.npmjs.org/tslib/-/tslib-2.8.1.tgz",
      "integrity": "sha512-oJFu94HQb+KVduSUQL7wnpmqnfmLsOA/nAh6b6EH0wCEoK0/mPeXU6c3wKDV83MkOuHPRHtSXKKU99IBazS/2w==",
      "dev": true,
      "license": "0BSD",
      "optional": true
    },
    "node_modules/vite": {
      "version": "8.0.5",
      "resolved": "https://registry.npmjs.org/vite/-/vite-8.0.5.tgz",
      "integrity": "sha512-nmu43Qvq9UopTRfMx2jOYW5l16pb3iDC1JH6yMuPkpVbzK0k+L7dfsEDH4jRgYFmsg0sTAqkojoZgzLMlwHsCQ==",
      "dev": true,
      "license": "MIT",
      "dependencies": {
        "lightningcss": "^1.32.0",
        "picomatch": "^4.0.4",
        "postcss": "^8.5.8",
        "rolldown": "1.0.0-rc.12",
        "tinyglobby": "^0.2.15"
      },
      "bin": {
        "vite": "bin/vite.js"
      },
      "engines": {
        "node": "^20.19.0 || >=22.12.0"
      },
      "funding": {
        "url": "https://github.com/vitejs/vite?sponsor=1"
      },
      "optionalDependencies": {
        "fsevents": "~2.3.3"
      },
      "peerDependencies": {
        "@types/node": "^20.19.0 || >=22.12.0",
        "@vitejs/devtools": "^0.1.0",
        "esbuild": "^0.27.0 || ^0.28.0",
        "jiti": ">=1.21.0",
        "less": "^4.0.0",
        "sass": "^1.70.0",
        "sass-embedded": "^1.70.0",
        "stylus": ">=0.54.8",
        "sugarss": "^5.0.0",
        "terser": "^5.16.0",
        "tsx": "^4.8.1",
        "yaml": "^2.4.2"
      },
      "peerDependenciesMeta": {
        "@types/node": {
          "optional": true
        },
        "@vitejs/devtools": {
          "optional": true
        },
        "esbuild": {
          "optional": true
        },
        "jiti": {
          "optional": true
        },
        "less": {
          "optional": true
        },
        "sass": {
          "optional": true
        },
        "sass-embedded": {
          "optional": true
        },
        "stylus": {
          "optional": true
        },
        "sugarss": {
          "optional": true
        },
        "terser": {
          "optional": true
        },
        "tsx": {
          "optional": true
        },
        "yaml": {
          "optional": true
        }
      }
    },
    "node_modules/webgl-sdf-generator": {
      "version": "1.1.1",
      "resolved": "https://registry.npmjs.org/webgl-sdf-generator/-/webgl-sdf-generator-1.1.1.tgz",
      "integrity": "sha512-9Z0JcMTFxeE+b2x1LJTdnaT8rT8aEp7MVxkNwoycNmJWwPdzoXzMh0BjJSh/AEFP+KPYZUli814h8bJZFIZ2jA==",
      "license": "MIT"
    },
    "node_modules/webvr-polyfill": {
      "version": "0.10.12",
      "license": "Apache-2.0",
      "dependencies": {
        "cardboard-vr-display": "^1.0.19"
      }
    },
    "node_modules/webvr-polyfill-dpdb": {
      "version": "1.0.18",
      "license": "Apache-2.0"
    },
    "node_modules/xhr": {
      "version": "2.6.0",
      "license": "MIT",
      "dependencies": {
        "global": "~4.4.0",
        "is-function": "^1.0.1",
        "parse-headers": "^2.0.0",
        "xtend": "^4.0.0"
      }
    },
    "node_modules/xml-parse-from-string": {
      "version": "1.0.1",
      "license": "MIT"
    },
    "node_modules/xml2js": {
      "version": "0.5.0",
      "license": "MIT",
      "dependencies": {
        "sax": ">=0.6.0",
        "xmlbuilder": "~11.0.0"
      },
      "engines": {
        "node": ">=4.0.0"
      }
    },
    "node_modules/xmlbuilder": {
      "version": "11.0.1",
      "license": "MIT",
      "engines": {
        "node": ">=4.0"
      }
    },
    "node_modules/xtend": {
      "version": "4.0.2",
      "license": "MIT",
      "engines": {
        "node": ">=0.4"
      }
    }
  }
}
